
Microsoft Visual Studio Solution File, Format Version 12.00
# Visual Studio 15
VisualStudioVersion = 15.0.26730.12
MinimumVisualStudioVersion = 10.0.40219.1
Project("{FAE04EC0-301F-11D3-BF4B-00C04F79EFBC}") = "sice_gestion", "sice_gestion.csproj", "{880BAB19-B06A-4982-A2F8-F779A06C466F}"
EndProject
Project("{FAE04EC0-301F-11D3-BF4B-00C04F79EFBC}") = "Sistema.DataModel", "Sistema.DataModel\Sistema.DataModel.csproj", "{B69062F0-B514-40D3-8CE3-4C288DFF5103}"
EndProject
Project("{FAE04EC0-301F-11D3-BF4B-00C04F79EFBC}") = "Sistema.Generales", "Sistema.Generales\Sistema.Generales.csproj", "{BEDE632C-0CBC-4E75-8430-8C405496FD35}"
EndProject
Project("{FAE04EC0-301F-11D3-BF4B-00C04F79EFBC}") = "Sistema.RegistroActas", "Sistema.RegistroActas\Sistema.RegistroActas.csproj", "{FC984DA1-ADB9-4350-971D-AB70AB608F16}"
EndProject
Project("{FAE04EC0-301F-11D3-BF4B-00C04F79EFBC}") = "Sistema.ComputosElectorales", "Sistema.ComputosElectorales\Sistema.ComputosElectorales.csproj", "{F726191D-EAD7-483D-B92C-22783C6FF2D2}"
EndProject
Global
	GlobalSection(SolutionConfigurationPlatforms) = preSolution
		Debug|Any CPU = Debug|Any CPU
		Debug|x86 = Debug|x86
		Release|Any CPU = Release|Any CPU
		Release|x86 = Release|x86
	EndGlobalSection
	GlobalSection(ProjectConfigurationPlatforms) = postSolution
		{880BAB19-B06A-4982-A2F8-F779A06C466F}.Debug|Any CPU.ActiveCfg = Debug|Any CPU
		{880BAB19-B06A-4982-A2F8-F779A06C466F}.Debug|Any CPU.Build.0 = Debug|Any CPU
		{880BAB19-B06A-4982-A2F8-F779A06C466F}.Debug|x86.ActiveCfg = Debug|Any CPU
		{880BAB19-B06A-4982-A2F8-F779A06C466F}.Debug|x86.Build.0 = Debug|Any CPU
		{880BAB19-B06A-4982-A2F8-F779A06C466F}.Release|Any CPU.ActiveCfg = Release|Any CPU
		{880BAB19-B06A-4982-A2F8-F779A06C466F}.Release|Any CPU.Build.0 = Release|Any CPU
		{880BAB19-B06A-4982-A2F8-F779A06C466F}.Release|x86.ActiveCfg = Release|Any CPU
		{880BAB19-B06A-4982-A2F8-F779A06C466F}.Release|x86.Build.0 = Release|Any CPU
		{B69062F0-B514-40D3-8CE3-4C288DFF5103}.Debug|Any CPU.ActiveCfg = Debug|Any CPU
		{B69062F0-B514-40D3-8CE3-4C288DFF5103}.Debug|Any CPU.Build.0 = Debug|Any CPU
		{B69062F0-B514-40D3-8CE3-4C288DFF5103}.Debug|x86.ActiveCfg = Debug|Any CPU
		{B69062F0-B514-40D3-8CE3-4C288DFF5103}.Debug|x86.Build.0 = Debug|Any CPU
		{B69062F0-B514-40D3-8CE3-4C288DFF5103}.Release|Any CPU.ActiveCfg = Release|Any CPU
		{B69062F0-B514-40D3-8CE3-4C288DFF5103}.Release|Any CPU.Build.0 = Release|Any CPU
		{B69062F0-B514-40D3-8CE3-4C288DFF5103}.Release|x86.ActiveCfg = Release|Any CPU
		{B69062F0-B514-40D3-8CE3-4C288DFF5103}.Release|x86.Build.0 = Release|Any CPU
		{BEDE632C-0CBC-4E75-8430-8C405496FD35}.Debug|Any CPU.ActiveCfg = Debug|Any CPU
		{BEDE632C-0CBC-4E75-8430-8C405496FD35}.Debug|Any CPU.Build.0 = Debug|Any CPU
		{BEDE632C-0CBC-4E75-8430-8C405496FD35}.Debug|x86.ActiveCfg = Debug|Any CPU
		{BEDE632C-0CBC-4E75-8430-8C405496FD35}.Debug|x86.Build.0 = Debug|Any CPU
		{BEDE632C-0CBC-4E75-8430-8C405496FD35}.Release|Any CPU.ActiveCfg = Release|Any CPU
		{BEDE632C-0CBC-4E75-8430-8C405496FD35}.Release|Any CPU.Build.0 = Release|Any CPU
		{BEDE632C-0CBC-4E75-8430-8C405496FD35}.Release|x86.ActiveCfg = Release|Any CPU
		{BEDE632C-0CBC-4E75-8430-8C405496FD35}.Release|x86.Build.0 = Release|Any CPU
		{FC984DA1-ADB9-4350-971D-AB70AB608F16}.Debug|Any CPU.ActiveCfg = Debug|Any CPU
		{FC984DA1-ADB9-4350-971D-AB70AB608F16}.Debug|Any CPU.Build.0 = Debug|Any CPU
		{FC984DA1-ADB9-4350-971D-AB70AB608F16}.Debug|x86.ActiveCfg = Debug|Any CPU
		{FC984DA1-ADB9-4350-971D-AB70AB608F16}.Debug|x86.Build.0 = Debug|Any CPU
		{FC984DA1-ADB9-4350-971D-AB70AB608F16}.Release|Any CPU.ActiveCfg = Release|Any CPU
		{FC984DA1-ADB9-4350-971D-AB70AB608F16}.Release|Any CPU.Build.0 = Release|Any CPU
		{FC984DA1-ADB9-4350-971D-AB70AB608F16}.Release|x86.ActiveCfg = Release|Any CPU
		{FC984DA1-ADB9-4350-971D-AB70AB608F16}.Release|x86.Build.0 = Release|Any CPU
		{F726191D-EAD7-483D-B92C-22783C6FF2D2}.Debug|Any CPU.ActiveCfg = Debug|Any CPU
		{F726191D-EAD7-483D-B92C-22783C6FF2D2}.Debug|Any CPU.Build.0 = Debug|Any CPU
		{F726191D-EAD7-483D-B92C-22783C6FF2D2}.Debug|x86.ActiveCfg = Debug|Any CPU
		{F726191D-EAD7-483D-B92C-22783C6FF2D2}.Debug|x86.Build.0 = Debug|Any CPU
		{F726191D-EAD7-483D-B92C-22783C6FF2D2}.Release|Any CPU.ActiveCfg = Release|Any CPU
		{F726191D-EAD7-483D-B92C-22783C6FF2D2}.Release|Any CPU.Build.0 = Release|Any CPU
		{F726191D-EAD7-483D-B92C-22783C6FF2D2}.Release|x86.ActiveCfg = Release|Any CPU
		{F726191D-EAD7-483D-B92C-22783C6FF2D2}.Release|x86.Build.0 = Release|Any CPU
	EndGlobalSection
	GlobalSection(SolutionProperties) = preSolution
		HideSolutionNode = FALSE
	EndGlobalSection
	GlobalSection(ExtensibilityGlobals) = postSolution
		SolutionGuid = {3C4A9619-B09F-4A7F-8BF8-AEA51B9CA0A1}
	EndGlobalSection
EndGlobal
